
Microsoft Visual Studio Solution File, Format Version 12.00
# Visual Studio Version 17
VisualStudioVersion = 17.10.34916.146
MinimumVisualStudioVersion = 10.0.40219.1
Project("{FAE04EC0-301F-11D3-BF4B-00C04F79EFBC}") = "Sashiel_CLDV6211_Part2", "Sashiel_CLDV6211_Part2.csproj", "{9A25AF33-917D-48B2-A5F0-B3C794B571F9}"
EndProject
Global
	GlobalSection(SolutionConfigurationPlatforms) = preSolution
		Debug|Any CPU = Debug|Any CPU
		Release|Any CPU = Release|Any CPU
	EndGlobalSection
	GlobalSection(ProjectConfigurationPlatforms) = postSolution
		{9A25AF33-917D-48B2-A5F0-B3C794B571F9}.Debug|Any CPU.ActiveCfg = Debug|Any CPU
		{9A25AF33-917D-48B2-A5F0-B3C794B571F9}.Debug|Any CPU.Build.0 = Debug|Any CPU
		{9A25AF33-917D-48B2-A5F0-B3C794B571F9}.Release|Any CPU.ActiveCfg = Release|Any CPU
		{9A25AF33-917D-48B2-A5F0-B3C794B571F9}.Release|Any CPU.Build.0 = Release|Any CPU
	EndGlobalSection
	GlobalSection(SolutionProperties) = preSolution
		HideSolutionNode = FALSE
	EndGlobalSection
	GlobalSection(ExtensibilityGlobals) = postSolution
		SolutionGuid = {E0C14861-DC87-45B6-9B53-EA8636AB3A73}
	EndGlobalSection
EndGlobal
